
Microsoft Visual Studio Solution File, Format Version 12.00
# Visual Studio 15
VisualStudioVersion = 15.0.28307.1267
MinimumVisualStudioVersion = 10.0.40219.1
Project("{FAE04EC0-301F-11D3-BF4B-00C04F79EFBC}") = "Rental server", "Rental server\Rental server.csproj", "{DF8B1946-C6EF-4377-8D94-AE7C0D16607D}"
EndProject
Global
	GlobalSection(SolutionConfigurationPlatforms) = preSolution
		Debug|Any CPU = Debug|Any CPU
		Release|Any CPU = Release|Any CPU
	EndGlobalSection
	GlobalSection(ProjectConfigurationPlatforms) = postSolution
		{DF8B1946-C6EF-4377-8D94-AE7C0D16607D}.Debug|Any CPU.ActiveCfg = Debug|Any CPU
		{DF8B1946-C6EF-4377-8D94-AE7C0D16607D}.Debug|Any CPU.Build.0 = Debug|Any CPU
		{DF8B1946-C6EF-4377-8D94-AE7C0D16607D}.Release|Any CPU.ActiveCfg = Release|Any CPU
		{DF8B1946-C6EF-4377-8D94-AE7C0D16607D}.Release|Any CPU.Build.0 = Release|Any CPU
	EndGlobalSection
	GlobalSection(SolutionProperties) = preSolution
		HideSolutionNode = FALSE
	EndGlobalSection
	GlobalSection(ExtensibilityGlobals) = postSolution
		SolutionGuid = {436CB765-EB1F-4152-B7A2-F9B0956ED71E}
	EndGlobalSection
EndGlobal
